
Microsoft Visual Studio Solution File, Format Version 12.00
# Visual Studio Version 17
VisualStudioVersion = 17.14.37203.1 d17.14
MinimumVisualStudioVersion = 10.0.40219.1
Project("{FAE04EC0-301F-11D3-BF4B-00C04F79EFBC}") = "TechTrackerBlazor", "TechTrackerBlazor.csproj", "{FF6404B5-44EE-49FD-9454-988E16D3CB8E}"
EndProject
Global
	GlobalSection(SolutionConfigurationPlatforms) = preSolution
		Debug|Any CPU = Debug|Any CPU
		Release|Any CPU = Release|Any CPU
	EndGlobalSection
	GlobalSection(ProjectConfigurationPlatforms) = postSolution
		{FF6404B5-44EE-49FD-9454-988E16D3CB8E}.Debug|Any CPU.ActiveCfg = Debug|Any CPU
		{FF6404B5-44EE-49FD-9454-988E16D3CB8E}.Debug|Any CPU.Build.0 = Debug|Any CPU
		{FF6404B5-44EE-49FD-9454-988E16D3CB8E}.Release|Any CPU.ActiveCfg = Release|Any CPU
		{FF6404B5-44EE-49FD-9454-988E16D3CB8E}.Release|Any CPU.Build.0 = Release|Any CPU
	EndGlobalSection
	GlobalSection(SolutionProperties) = preSolution
		HideSolutionNode = FALSE
	EndGlobalSection
	GlobalSection(ExtensibilityGlobals) = postSolution
		SolutionGuid = {402331BE-648D-47D2-8A65-2B0A1446F6E1}
	EndGlobalSection
EndGlobal
